
Microsoft Visual Studio Solution File, Format Version 12.00
# Visual Studio 15
VisualStudioVersion = 15.0.27703.2018
MinimumVisualStudioVersion = 10.0.40219.1
Project("{FAE04EC0-301F-11D3-BF4B-00C04F79EFBC}") = "Zipcutioner", "Zipcutioner\Zipcutioner.csproj", "{7E8B8226-3DCB-4A3D-8360-72AC65DB6004}"
EndProject
Global
	GlobalSection(SolutionConfigurationPlatforms) = preSolution
		Debug|Any CPU = Debug|Any CPU
		Release|Any CPU = Release|Any CPU
	EndGlobalSection
	GlobalSection(ProjectConfigurationPlatforms) = postSolution
		{7E8B8226-3DCB-4A3D-8360-72AC65DB6004}.Debug|Any CPU.ActiveCfg = Debug|Any CPU
		{7E8B8226-3DCB-4A3D-8360-72AC65DB6004}.Debug|Any CPU.Build.0 = Debug|Any CPU
		{7E8B8226-3DCB-4A3D-8360-72AC65DB6004}.Release|Any CPU.ActiveCfg = Release|Any CPU
		{7E8B8226-3DCB-4A3D-8360-72AC65DB6004}.Release|Any CPU.Build.0 = Release|Any CPU
	EndGlobalSection
	GlobalSection(SolutionProperties) = preSolution
		HideSolutionNode = FALSE
	EndGlobalSection
	GlobalSection(ExtensibilityGlobals) = postSolution
		SolutionGuid = {577312F0-E422-4A0E-981A-1B858588F445}
	EndGlobalSection
EndGlobal
